
Microsoft Visual Studio Solution File, Format Version 12.00
# Visual Studio Version 17
VisualStudioVersion = 17.1.32228.430
MinimumVisualStudioVersion = 10.0.40219.1
Project("{8BC9CEB8-8B4A-11D0-8D11-00A0C91BC942}") = "lab_7_os", "lab_7_os.vcxproj", "{B1617DF0-9FCF-408D-9313-0950B5225BC6}"
EndProject
Project("{2150E333-8FDC-42A3-9474-1A3956D46DE8}") = "Solution Items", "Solution Items", "{77995E38-AF02-49EB-A192-0F4453F95813}"
	ProjectSection(SolutionItems) = preProject
		f.h = f.h
		g.h = g.h
	EndProjectSection
EndProject
Global
	GlobalSection(SolutionConfigurationPlatforms) = preSolution
		Debug|x64 = Debug|x64
		Debug|x86 = Debug|x86
		Release|x64 = Release|x64
		Release|x86 = Release|x86
	EndGlobalSection
	GlobalSection(ProjectConfigurationPlatforms) = postSolution
		{B1617DF0-9FCF-408D-9313-0950B5225BC6}.Debug|x64.ActiveCfg = Debug|x64
		{B1617DF0-9FCF-408D-9313-0950B5225BC6}.Debug|x64.Build.0 = Debug|x64
		{B1617DF0-9FCF-408D-9313-0950B5225BC6}.Debug|x86.ActiveCfg = Debug|Win32
		{B1617DF0-9FCF-408D-9313-0950B5225BC6}.Debug|x86.Build.0 = Debug|Win32
		{B1617DF0-9FCF-408D-9313-0950B5225BC6}.Release|x64.ActiveCfg = Release|x64
		{B1617DF0-9FCF-408D-9313-0950B5225BC6}.Release|x64.Build.0 = Release|x64
		{B1617DF0-9FCF-408D-9313-0950B5225BC6}.Release|x86.ActiveCfg = Release|Win32
		{B1617DF0-9FCF-408D-9313-0950B5225BC6}.Release|x86.Build.0 = Release|Win32
	EndGlobalSection
	GlobalSection(SolutionProperties) = preSolution
		HideSolutionNode = FALSE
	EndGlobalSection
	GlobalSection(ExtensibilityGlobals) = postSolution
		SolutionGuid = {E606A47C-2BB9-40EC-ABEA-EE278BBDFA66}
	EndGlobalSection
EndGlobal
